Microsoft Visual Studio Solution File, Format Version 12.00
# Visual Studio Version 17
VisualStudioVersion = 17.12.35514.174
MinimumVisualStudioVersion = 10.0.40219.1
Project("{9A19103F-16F7-4668-BE54-9A1E7A4F7556}") = "ExcelToXml", "ExcelToXml\ExcelToXml.csproj", "{8C370BF1-4120-4160-8463-CC9A735EB8A7}"
EndProject
Project("{9A19103F-16F7-4668-BE54-9A1E7A4F7556}") = "ExcelToXml.Console", "ExcelToXml.Console\ExcelToXml.Console.csproj", "{1253190A-A16B-4B56-944B-9767D4959F39}"
EndProject
Project("{2150E333-8FDC-42A3-9474-1A3956D46DE8}") = "Solution Items", "Solution Items", "{23BC12E7-CF7C-4761-A133-5366D5234D42}"
	ProjectSection(SolutionItems) = preProject
		.editorconfig = .editorconfig
	EndProjectSection
EndProject
Project("{9A19103F-16F7-4668-BE54-9A1E7A4F7556}") = "AutoDIRegisteGenerator", "AutoDIRegisteGenerator\AutoDIRegisteGenerator.csproj", "{4B411641-1320-406A-8D11-F84CC421ACEC}"
EndProject
Global
	GlobalSection(SolutionConfigurationPlatforms) = preSolution
		Debug|Any CPU = Debug|Any CPU
		Release|Any CPU = Release|Any CPU
	EndGlobalSection
	GlobalSection(ProjectConfigurationPlatforms) = postSolution
		{8C370BF1-4120-4160-8463-CC9A735EB8A7}.Debug|Any CPU.ActiveCfg = Debug|Any CPU
		{8C370BF1-4120-4160-8463-CC9A735EB8A7}.Debug|Any CPU.Build.0 = Debug|Any CPU
		{8C370BF1-4120-4160-8463-CC9A735EB8A7}.Release|Any CPU.ActiveCfg = Release|Any CPU
		{8C370BF1-4120-4160-8463-CC9A735EB8A7}.Release|Any CPU.Build.0 = Release|Any CPU
		{1253190A-A16B-4B56-944B-9767D4959F39}.Debug|Any CPU.ActiveCfg = Debug|Any CPU
		{1253190A-A16B-4B56-944B-9767D4959F39}.Debug|Any CPU.Build.0 = Debug|Any CPU
		{1253190A-A16B-4B56-944B-9767D4959F39}.Release|Any CPU.ActiveCfg = Release|Any CPU
		{1253190A-A16B-4B56-944B-9767D4959F39}.Release|Any CPU.Build.0 = Release|Any CPU
		{4B411641-1320-406A-8D11-F84CC421ACEC}.Debug|Any CPU.ActiveCfg = Debug|Any CPU
		{4B411641-1320-406A-8D11-F84CC421ACEC}.Debug|Any CPU.Build.0 = Debug|Any CPU
		{4B411641-1320-406A-8D11-F84CC421ACEC}.Release|Any CPU.ActiveCfg = Release|Any CPU
		{4B411641-1320-406A-8D11-F84CC421ACEC}.Release|Any CPU.Build.0 = Release|Any CPU
	EndGlobalSection
	GlobalSection(SolutionProperties) = preSolution
		HideSolutionNode = FALSE
	EndGlobalSection
EndGlobal
